// !$*UTF8*$!
{
	archiveVersion = 1;
	classes = {
	};
	objectVersion = 50;
	objects = {

/* Begin PBXBuildFile section */
		4E46C76A22BBF4370091675E /* AppDelegate.swift in Sources */ = {isa = PBXBuildFile; fileRef = 4E46C76922BBF4370091675E /* AppDelegate.swift */; };
		4E46C76C22BBF4370091675E /* ViewController.swift in Sources */ = {isa = PBXBuildFile; fileRef = 4E46C76B22BBF4370091675E /* ViewController.swift */; };
		4E46C76F22BBF4370091675E /* Main.storyboard in Resources */ = {isa = PBXBuildFile; fileRef = 4E46C76D22BBF4370091675E /* Main.storyboard */; };
		4E46C77122BBF43A0091675E /* Assets.xcassets in Resources */ = {isa = PBXBuildFile; fileRef = 4E46C77022BBF43A0091675E /* Assets.xcassets */; };
		4E46C77422BBF43A0091675E /* LaunchScreen.storyboard in Resources */ = {isa = PBXBuildFile; fileRef = 4E46C77222BBF43A0091675E /* LaunchScreen.storyboard */; };
		4E46C77F22BBF43A0091675E /* PizzasWatchTests.swift in Sources */ = {isa = PBXBuildFile; fileRef = 4E46C77E22BBF43A0091675E /* PizzasWatchTests.swift */; };
		4E46C78A22BBF43A0091675E /* PizzasWatchUITests.swift in Sources */ = {isa = PBXBuildFile; fileRef = 4E46C78922BBF43A0091675E /* PizzasWatchUITests.swift */; };
		4E46C78F22BBF43A0091675E /* PizzasWatch WatchKit App.app in Embed Watch Content */ = {isa = PBXBuildFile; fileRef = 4E46C78E22BBF43A0091675E /* PizzasWatch WatchKit App.app */; };
		4E46C79522BBF43B0091675E /* Interface.storyboard in Resources */ = {isa = PBXBuildFile; fileRef = 4E46C79322BBF43B0091675E /* Interface.storyboard */; };
		4E46C79722BBF43C0091675E /* Assets.xcassets in Resources */ = {isa = PBXBuildFile; fileRef = 4E46C79622BBF43C0091675E /* Assets.xcassets */; };
		4E46C79E22BBF43C0091675E /* PizzasWatch WatchKit Extension.appex in Embed App Extensions */ = {isa = PBXBuildFile; fileRef = 4E46C79D22BBF43C0091675E /* PizzasWatch WatchKit Extension.appex */; settings = {ATTRIBUTES = (RemoveHeadersOnCopy, ); }; };
		4E46C7A322BBF43C0091675E /* InterfaceController.swift in Sources */ = {isa = PBXBuildFile; fileRef = 4E46C7A222BBF43C0091675E /* InterfaceController.swift */; };
		4E46C7A522BBF43C0091675E /* ExtensionDelegate.swift in Sources */ = {isa = PBXBuildFile; fileRef = 4E46C7A422BBF43C0091675E /* ExtensionDelegate.swift */; };
		4E46C7A722BBF43C0091675E /* NotificationController.swift in Sources */ = {isa = PBXBuildFile; fileRef = 4E46C7A622BBF43C0091675E /* NotificationController.swift */; };
		4E46C7A922BBF43D0091675E /* Assets.xcassets in Resources */ = {isa = PBXBuildFile; fileRef = 4E46C7A822BBF43D0091675E /* Assets.xcassets */; };
		4EE3CE7422BC011E00B93F0E /* DatosPizza.swift in Sources */ = {isa = PBXBuildFile; fileRef = 4EE3CE7322BC011E00B93F0E /* DatosPizza.swift */; };
		4EE3CE7622BC04A700B93F0E /* VistaMasa.swift in Sources */ = {isa = PBXBuildFile; fileRef = 4EE3CE7522BC04A700B93F0E /* VistaMasa.swift */; };
		4EE3CE7822BC07BD00B93F0E /* VistaQueso.swift in Sources */ = {isa = PBXBuildFile; fileRef = 4EE3CE7722BC07BD00B93F0E /* VistaQueso.swift */; };
		4EE3CE7A22BC092B00B93F0E /* VistaIngredientes.swift in Sources */ = {isa = PBXBuildFile; fileRef = 4EE3CE7922BC092B00B93F0E /* VistaIngredientes.swift */; };
		4EE3CE7C22BC0C2D00B93F0E /* VistaOrden.swift in Sources */ = {isa = PBXBuildFile; fileRef = 4EE3CE7B22BC0C2D00B93F0E /* VistaOrden.swift */; };
/* End PBXBuildFile section */

/* Begin PBXContainerItemProxy section */
		4E46C77B22BBF43A0091675E /* PBXContainerItemProxy */ = {
			isa = PBXContainerItemProxy;
			containerPortal = 4E46C75E22BBF4370091675E /* Project object */;
			proxyType = 1;
			remoteGlobalIDString = 4E46C76522BBF4370091675E;
			remoteInfo = PizzasWatch;
		};
		4E46C78622BBF43A0091675E /* PBXContainerItemProxy */ = {
			isa = PBXContainerItemProxy;
			containerPortal = 4E46C75E22BBF4370091675E /* Project object */;
			proxyType = 1;
			remoteGlobalIDString = 4E46C76522BBF4370091675E;
			remoteInfo = PizzasWatch;
		};
		4E46C79022BBF43A0091675E /* PBXContainerItemProxy */ = {
			isa = PBXContainerItemProxy;
			containerPortal = 4E46C75E22BBF4370091675E /* Project object */;
			proxyType = 1;
			remoteGlobalIDString = 4E46C78D22BBF43A0091675E;
			remoteInfo = "PizzasWatch WatchKit App";
		};
		4E46C79F22BBF43C0091675E /* PBXContainerItemProxy */ = {
			isa = PBXContainerItemProxy;
			containerPortal = 4E46C75E22BBF4370091675E /* Project object */;
			proxyType = 1;
			remoteGlobalIDString = 4E46C79C22BBF43C0091675E;
			remoteInfo = "PizzasWatch WatchKit Extension";
		};
/* End PBXContainerItemProxy section */

/* Begin PBXCopyFilesBuildPhase section */
		4E46C7B122BBF43D0091675E /* Embed App Extensions */ = {
			isa = PBXCopyFilesBuildPhase;
			buildActionMask = 2147483647;
			dstPath = "";
			dstSubfolderSpec = 13;
			files = (
				4E46C79E22BBF43C0091675E /* PizzasWatch WatchKit Extension.appex in Embed App Extensions */,
			);
			name = "Embed App Extensions";
			runOnlyForDeploymentPostprocessing = 0;
		};
		4E46C7B522BBF43D0091675E /* Embed Watch Content */ = {
			isa = PBXCopyFilesBuildPhase;
			buildActionMask = 2147483647;
			dstPath = "$(CONTENTS_FOLDER_PATH)/Watch";
			dstSubfolderSpec = 16;
			files = (
				4E46C78F22BBF43A0091675E /* PizzasWatch WatchKit App.app in Embed Watch Content */,
			);
			name = "Embed Watch Content";
			runOnlyForDeploymentPostprocessing = 0;
		};
/* End PBXCopyFilesBuildPhase section */

/* Begin PBXFileReference section */
		4E46C76622BBF4370091675E /* PizzasWatch.app */ = {isa = PBXFileReference; explicitFileType = wrapper.application; includeInIndex = 0; path = PizzasWatch.app; sourceTree = BUILT_PRODUCTS_DIR; };
		4E46C76922BBF4370091675E /* AppDelegate.swift */ = {isa = PBXFileReference; lastKnownFileType = sourcecode.swift; path = AppDelegate.swift; sourceTree = "<group>"; };
		4E46C76B22BBF4370091675E /* ViewController.swift */ = {isa = PBXFileReference; lastKnownFileType = sourcecode.swift; path = ViewController.swift; sourceTree = "<group>"; };
		4E46C76E22BBF4370091675E /* Base */ = {isa = PBXFileReference; lastKnownFileType = file.storyboard; name = Base; path = Base.lproj/Main.storyboard; sourceTree = "<group>"; };
		4E46C77022BBF43A0091675E /* Assets.xcassets */ = {isa = PBXFileReference; lastKnownFileType = folder.assetcatalog; path = Assets.xcassets; sourceTree = "<group>"; };
		4E46C77322BBF43A0091675E /* Base */ = {isa = PBXFileReference; lastKnownFileType = file.storyboard; name = Base; path = Base.lproj/LaunchScreen.storyboard; sourceTree = "<group>"; };
		4E46C77522BBF43A0091675E /* Info.plist */ = {isa = PBXFileReference; lastKnownFileType = text.plist.xml; path = Info.plist; sourceTree = "<group>"; };
		4E46C77A22BBF43A0091675E /* PizzasWatchTests.xctest */ = {isa = PBXFileReference; explicitFileType = wrapper.cfbundle; includeInIndex = 0; path = PizzasWatchTests.xctest; sourceTree = BUILT_PRODUCTS_DIR; };
		4E46C77E22BBF43A0091675E /* PizzasWatchTests.swift */ = {isa = PBXFileReference; lastKnownFileType = sourcecode.swift; path = PizzasWatchTests.swift; sourceTree = "<group>"; };
		4E46C78022BBF43A0091675E /* Info.plist */ = {isa = PBXFileReference; lastKnownFileType = text.plist.xml; path = Info.plist; sourceTree = "<group>"; };
		4E46C78522BBF43A0091675E /* PizzasWatchUITests.xctest */ = {isa = PBXFileReference; explicitFileType = wrapper.cfbundle; includeInIndex = 0; path = PizzasWatchUITests.xctest; sourceTree = BUILT_PRODUCTS_DIR; };
		4E46C78922BBF43A0091675E /* PizzasWatchUITests.swift */ = {isa = PBXFileReference; lastKnownFileType = sourcecode.swift; path = PizzasWatchUITests.swift; sourceTree = "<group>"; };
		4E46C78B22BBF43A0091675E /* Info.plist */ = {isa = PBXFileReference; lastKnownFileType = text.plist.xml; path = Info.plist; sourceTree = "<group>"; };
		4E46C78E22BBF43A0091675E /* PizzasWatch WatchKit App.app */ = {isa = PBXFileReference; explicitFileType = wrapper.application; includeInIndex = 0; path = "PizzasWatch WatchKit App.app"; sourceTree = BUILT_PRODUCTS_DIR; };
		4E46C79422BBF43B0091675E /* Base */ = {isa = PBXFileReference; lastKnownFileType = file.storyboard; name = Base; path = Base.lproj/Interface.storyboard; sourceTree = "<group>"; };
		4E46C79622BBF43C0091675E /* Assets.xcassets */ = {isa = PBXFileReference; lastKnownFileType = folder.assetcatalog; path = Assets.xcassets; sourceTree = "<group>"; };
		4E46C79822BBF43C0091675E /* Info.plist */ = {isa = PBXFileReference; lastKnownFileType = text.plist.xml; path = Info.plist; sourceTree = "<group>"; };
		4E46C79D22BBF43C0091675E /* PizzasWatch WatchKit Extension.appex */ = {isa = PBXFileReference; explicitFileType = "wrapper.app-extension"; includeInIndex = 0; path = "PizzasWatch WatchKit Extension.appex"; sourceTree = BUILT_PRODUCTS_DIR; };
		4E46C7A222BBF43C0091675E /* InterfaceController.swift */ = {isa = PBXFileReference; lastKnownFileType = sourcecode.swift; path = InterfaceController.swift; sourceTree = "<group>"; };
		4E46C7A422BBF43C0091675E /* ExtensionDelegate.swift */ = {isa = PBXFileReference; lastKnownFileType = sourcecode.swift; path = ExtensionDelegate.swift; sourceTree = "<group>"; };
		4E46C7A622BBF43C0091675E /* NotificationController.swift */ = {isa = PBXFileReference; lastKnownFileType = sourcecode.swift; path = NotificationController.swift; sourceTree = "<group>"; };
		4E46C7A822BBF43D0091675E /* Assets.xcassets */ = {isa = PBXFileReference; lastKnownFileType = folder.assetcatalog; path = Assets.xcassets; sourceTree = "<group>"; };
		4E46C7AA22BBF43D0091675E /* Info.plist */ = {isa = PBXFileReference; lastKnownFileType = text.plist.xml; path = Info.plist; sourceTree = "<group>"; };
		4E46C7AB22BBF43D0091675E /* PushNotificationPayload.apns */ = {isa = PBXFileReference; lastKnownFileType = text; path = PushNotificationPayload.apns; sourceTree = "<group>"; };
		4EE3CE7322BC011E00B93F0E /* DatosPizza.swift */ = {isa = PBXFileReference; lastKnownFileType = sourcecode.swift; path = DatosPizza.swift; sourceTree = "<group>"; };
		4EE3CE7522BC04A700B93F0E /* VistaMasa.swift */ = {isa = PBXFileReference; lastKnownFileType = sourcecode.swift; path = VistaMasa.swift; sourceTree = "<group>"; };
		4EE3CE7722BC07BD00B93F0E /* VistaQueso.swift */ = {isa = PBXFileReference; lastKnownFileType = sourcecode.swift; path = VistaQueso.swift; sourceTree = "<group>"; };
		4EE3CE7922BC092B00B93F0E /* VistaIngredientes.swift */ = {isa = PBXFileReference; lastKnownFileType = sourcecode.swift; path = VistaIngredientes.swift; sourceTree = "<group>"; };
		4EE3CE7B22BC0C2D00B93F0E /* VistaOrden.swift */ = {isa = PBXFileReference; lastKnownFileType = sourcecode.swift; path = VistaOrden.swift; sourceTree = "<group>"; };
/* End PBXFileReference section */

/* Begin PBXFrameworksBuildPhase section */
		4E46C76322BBF4370091675E /* Frameworks */ = {
			isa = PBXFrameworksBuildPhase;
			buildActionMask = 2147483647;
			files = (
			);
			runOnlyForDeploymentPostprocessing = 0;
		};
		4E46C77722BBF43A0091675E /* Frameworks */ = {
			isa = PBXFrameworksBuildPhase;
			buildActionMask = 2147483647;
			files = (
			);
			runOnlyForDeploymentPostprocessing = 0;
		};
		4E46C78222BBF43A0091675E /* Frameworks */ = {
			isa = PBXFrameworksBuildPhase;
			buildActionMask = 2147483647;
			files = (
			);
			runOnlyForDeploymentPostprocessing = 0;
		};
		4E46C79A22BBF43C0091675E /* Frameworks */ = {
			isa = PBXFrameworksBuildPhase;
			buildActionMask = 2147483647;
			files = (
			);
			runOnlyForDeploymentPostprocessing = 0;
		};
/* End PBXFrameworksBuildPhase section */

/* Begin PBXGroup section */
		4E46C75D22BBF4370091675E = {
			isa = PBXGroup;
			children = (
				4E46C76822BBF4370091675E /* PizzasWatch */,
				4E46C77D22BBF43A0091675E /* PizzasWatchTests */,
				4E46C78822BBF43A0091675E /* PizzasWatchUITests */,
				4E46C79222BBF43A0091675E /* PizzasWatch WatchKit App */,
				4E46C7A122BBF43C0091675E /* PizzasWatch WatchKit Extension */,
				4E46C76722BBF4370091675E /* Products */,
			);
			sourceTree = "<group>";
		};
		4E46C76722BBF4370091675E /* Products */ = {
			isa = PBXGroup;
			children = (
				4E46C76622BBF4370091675E /* PizzasWatch.app */,
				4E46C77A22BBF43A0091675E /* PizzasWatchTests.xctest */,
				4E46C78522BBF43A0091675E /* PizzasWatchUITests.xctest */,
				4E46C78E22BBF43A0091675E /* PizzasWatch WatchKit App.app */,
				4E46C79D22BBF43C0091675E /* PizzasWatch WatchKit Extension.appex */,
			);
			name = Products;
			sourceTree = "<group>";
		};
		4E46C76822BBF4370091675E /* PizzasWatch */ = {
			isa = PBXGroup;
			children = (
				4E46C76922BBF4370091675E /* AppDelegate.swift */,
				4E46C76B22BBF4370091675E /* ViewController.swift */,
				4E46C76D22BBF4370091675E /* Main.storyboard */,
				4E46C77022BBF43A0091675E /* Assets.xcassets */,
				4E46C77222BBF43A0091675E /* LaunchScreen.storyboard */,
				4E46C77522BBF43A0091675E /* Info.plist */,
			);
			path = PizzasWatch;
			sourceTree = "<group>";
		};
		4E46C77D22BBF43A0091675E /* PizzasWatchTests */ = {
			isa = PBXGroup;
			children = (
				4E46C77E22BBF43A0091675E /* PizzasWatchTests.swift */,
				4E46C78022BBF43A0091675E /* Info.plist */,
			);
			path = PizzasWatchTests;
			sourceTree = "<group>";
		};
		4E46C78822BBF43A0091675E /* PizzasWatchUITests */ = {
			isa = PBXGroup;
			children = (
				4E46C78922BBF43A0091675E /* PizzasWatchUITests.swift */,
				4E46C78B22BBF43A0091675E /* Info.plist */,
			);
			path = PizzasWatchUITests;
			sourceTree = "<group>";
		};
		4E46C79222BBF43A0091675E /* PizzasWatch WatchKit App */ = {
			isa = PBXGroup;
			children = (
				4E46C79322BBF43B0091675E /* Interface.storyboard */,
				4E46C79622BBF43C0091675E /* Assets.xcassets */,
				4E46C79822BBF43C0091675E /* Info.plist */,
			);
			path = "PizzasWatch WatchKit App";
			sourceTree = "<group>";
		};
		4E46C7A122BBF43C0091675E /* PizzasWatch WatchKit Extension */ = {
			isa = PBXGroup;
			children = (
				4E46C7A222BBF43C0091675E /* InterfaceController.swift */,
				4E46C7A422BBF43C0091675E /* ExtensionDelegate.swift */,
				4E46C7A622BBF43C0091675E /* NotificationController.swift */,
				4E46C7A822BBF43D0091675E /* Assets.xcassets */,
				4E46C7AA22BBF43D0091675E /* Info.plist */,
				4E46C7AB22BBF43D0091675E /* PushNotificationPayload.apns */,
				4EE3CE7322BC011E00B93F0E /* DatosPizza.swift */,
				4EE3CE7522BC04A700B93F0E /* VistaMasa.swift */,
				4EE3CE7722BC07BD00B93F0E /* VistaQueso.swift */,
				4EE3CE7922BC092B00B93F0E /* VistaIngredientes.swift */,
				4EE3CE7B22BC0C2D00B93F0E /* VistaOrden.swift */,
			);
			path = "PizzasWatch WatchKit Extension";
			sourceTree = "<group>";
		};
/* End PBXGroup section */

/* Begin PBXNativeTarget section */
		4E46C76522BBF4370091675E /* PizzasWatch */ = {
			isa = PBXNativeTarget;
			buildConfigurationList = 4E46C7B622BBF43D0091675E /* Build configuration list for PBXNativeTarget "PizzasWatch" */;
			buildPhases = (
				4E46C76222BBF4370091675E /* Sources */,
				4E46C76322BBF4370091675E /* Frameworks */,
				4E46C76422BBF4370091675E /* Resources */,
				4E46C7B522BBF43D0091675E /* Embed Watch Content */,
			);
			buildRules = (
			);
			dependencies = (
				4E46C79122BBF43A0091675E /* PBXTargetDependency */,
			);
			name = PizzasWatch;
			productName = PizzasWatch;
			productReference = 4E46C76622BBF4370091675E /* PizzasWatch.app */;
			productType = "com.apple.product-type.application";
		};
		4E46C77922BBF43A0091675E /* PizzasWatchTests */ = {
			isa = PBXNativeTarget;
			buildConfigurationList = 4E46C7B922BBF43D0091675E /* Build configuration list for PBXNativeTarget "PizzasWatchTests" */;
			buildPhases = (
				4E46C77622BBF43A0091675E /* Sources */,
				4E46C77722BBF43A0091675E /* Frameworks */,
				4E46C77822BBF43A0091675E /* Resources */,
			);
			buildRules = (
			);
			dependencies = (
				4E46C77C22BBF43A0091675E /* PBXTargetDependency */,
			);
			name = PizzasWatchTests;
			productName = PizzasWatchTests;
			productReference = 4E46C77A22BBF43A0091675E /* PizzasWatchTests.xctest */;
			productType = "com.apple.product-type.bundle.unit-test";
		};
		4E46C78422BBF43A0091675E /* PizzasWatchUITests */ = {
			isa = PBXNativeTarget;
			buildConfigurationList = 4E46C7BC22BBF43D0091675E /* Build configuration list for PBXNativeTarget "PizzasWatchUITests" */;
			buildPhases = (
				4E46C78122BBF43A0091675E /* Sources */,
				4E46C78222BBF43A0091675E /* Frameworks */,
				4E46C78322BBF43A0091675E /* Resources */,
			);
			buildRules = (
			);
			dependencies = (
				4E46C78722BBF43A0091675E /* PBXTargetDependency */,
			);
			name = PizzasWatchUITests;
			productName = PizzasWatchUITests;
			productReference = 4E46C78522BBF43A0091675E /* PizzasWatchUITests.xctest */;
			productType = "com.apple.product-type.bundle.ui-testing";
		};
		4E46C78D22BBF43A0091675E /* PizzasWatch WatchKit App */ = {
			isa = PBXNativeTarget;
			buildConfigurationList = 4E46C7B222BBF43D0091675E /* Build configuration list for PBXNativeTarget "PizzasWatch WatchKit App" */;
			buildPhases = (
				4E46C78C22BBF43A0091675E /* Resources */,
				4E46C7B122BBF43D0091675E /* Embed App Extensions */,
			);
			buildRules = (
			);
			dependencies = (
				4E46C7A022BBF43C0091675E /* PBXTargetDependency */,
			);
			name = "PizzasWatch WatchKit App";
			productName = "PizzasWatch WatchKit App";
			productReference = 4E46C78E22BBF43A0091675E /* PizzasWatch WatchKit App.app */;
			productType = "com.apple.product-type.application.watchapp2";
		};
		4E46C79C22BBF43C0091675E /* PizzasWatch WatchKit Extension */ = {
			isa = PBXNativeTarget;
			buildConfigurationList = 4E46C7AE22BBF43D0091675E /* Build configuration list for PBXNativeTarget "PizzasWatch WatchKit Extension" */;
			buildPhases = (
				4E46C79922BBF43C0091675E /* Sources */,
				4E46C79A22BBF43C0091675E /* Frameworks */,
				4E46C79B22BBF43C0091675E /* Resources */,
			);
			buildRules = (
			);
			dependencies = (
			);
			name = "PizzasWatch WatchKit Extension";
			productName = "PizzasWatch WatchKit Extension";
			productReference = 4E46C79D22BBF43C0091675E /* PizzasWatch WatchKit Extension.appex */;
			productType = "com.apple.product-type.watchkit2-extension";
		};
/* End PBXNativeTarget section */

/* Begin PBXProject section */
		4E46C75E22BBF4370091675E /* Project object */ = {
			isa = PBXProject;
			attributes = {
				LastSwiftUpdateCheck = 1020;
				LastUpgradeCheck = 1020;
				ORGANIZATIONNAME = "Sofia Abadia Bermeo";
				TargetAttributes = {
					4E46C76522BBF4370091675E = {
						CreatedOnToolsVersion = 10.2;
					};
					4E46C77922BBF43A0091675E = {
						CreatedOnToolsVersion = 10.2;
						TestTargetID = 4E46C76522BBF4370091675E;
					};
					4E46C78422BBF43A0091675E = {
						CreatedOnToolsVersion = 10.2;
						TestTargetID = 4E46C76522BBF4370091675E;
					};
					4E46C78D22BBF43A0091675E = {
						CreatedOnToolsVersion = 10.2;
					};
					4E46C79C22BBF43C0091675E = {
						CreatedOnToolsVersion = 10.2;
					};
				};
			};
			buildConfigurationList = 4E46C76122BBF4370091675E /* Build configuration list for PBXProject "PizzasWatch" */;
			compatibilityVersion = "Xcode 9.3";
			developmentRegion = en;
			hasScannedForEncodings = 0;
			knownRegions = (
				en,
				Base,
			);
			mainGroup = 4E46C75D22BBF4370091675E;
			productRefGroup = 4E46C76722BBF4370091675E /* Products */;
			projectDirPath = "";
			projectRoot = "";
			targets = (
				4E46C76522BBF4370091675E /* PizzasWatch */,
				4E46C77922BBF43A0091675E /* PizzasWatchTests */,
				4E46C78422BBF43A0091675E /* PizzasWatchUITests */,
				4E46C78D22BBF43A0091675E /* PizzasWatch WatchKit App */,
				4E46C79C22BBF43C0091675E /* PizzasWatch WatchKit Extension */,
			);
		};
/* End PBXProject section */

/* Begin PBXResourcesBuildPhase section */
		4E46C76422BBF4370091675E /* Resources */ = {
			isa = PBXResourcesBuildPhase;
			buildActionMask = 2147483647;
			files = (
				4E46C77422BBF43A0091675E /* LaunchScreen.storyboard in Resources */,
				4E46C77122BBF43A0091675E /* Assets.xcassets in Resources */,
				4E46C76F22BBF4370091675E /* Main.storyboard in Resources */,
			);
			runOnlyForDeploymentPostprocessing = 0;
		};
		4E46C77822BBF43A0091675E /* Resources */ = {
			isa = PBXResourcesBuildPhase;
			buildActionMask = 2147483647;
			files = (
			);
			runOnlyForDeploymentPostprocessing = 0;
		};
		4E46C78322BBF43A0091675E /* Resources */ = {
			isa = PBXResourcesBuildPhase;
			buildActionMask = 2147483647;
			files = (
			);
			runOnlyForDeploymentPostprocessing = 0;
		};
		4E46C78C22BBF43A0091675E /* Resources */ = {
			isa = PBXResourcesBuildPhase;
			buildActionMask = 2147483647;
			files = (
				4E46C79722BBF43C0091675E /* Assets.xcassets in Resources */,
				4E46C79522BBF43B0091675E /* Interface.storyboard in Resources */,
			);
			runOnlyForDeploymentPostprocessing = 0;
		};
		4E46C79B22BBF43C0091675E /* Resources */ = {
			isa = PBXResourcesBuildPhase;
			buildActionMask = 2147483647;
			files = (
				4E46C7A922BBF43D0091675E /* Assets.xcassets in Resources */,
			);
			runOnlyForDeploymentPostprocessing = 0;
		};
/* End PBXResourcesBuildPhase section */

/* Begin PBXSourcesBuildPhase section */
		4E46C76222BBF4370091675E /* Sources */ = {
			isa = PBXSourcesBuildPhase;
			buildActionMask = 2147483647;
			files = (
				4E46C76C22BBF4370091675E /* ViewController.swift in Sources */,
				4E46C76A22BBF4370091675E /* AppDelegate.swift in Sources */,
			);
			runOnlyForDeploymentPostprocessing = 0;
		};
		4E46C77622BBF43A0091675E /* Sources */ = {
			isa = PBXSourcesBuildPhase;
			buildActionMask = 2147483647;
			files = (
				4E46C77F22BBF43A0091675E /* PizzasWatchTests.swift in Sources */,
			);
			runOnlyForDeploymentPostprocessing = 0;
		};
		4E46C78122BBF43A0091675E /* Sources */ = {
			isa = PBXSourcesBuildPhase;
			buildActionMask = 2147483647;
			files = (
				4E46C78A22BBF43A0091675E /* PizzasWatchUITests.swift in Sources */,
			);
			runOnlyForDeploymentPostprocessing = 0;
		};
		4E46C79922BBF43C0091675E /* Sources */ = {
			isa = PBXSourcesBuildPhase;
			buildActionMask = 2147483647;
			files = (
				4EE3CE7422BC011E00B93F0E /* DatosPizza.swift in Sources */,
				4EE3CE7A22BC092B00B93F0E /* VistaIngredientes.swift in Sources */,
				4EE3CE7C22BC0C2D00B93F0E /* VistaOrden.swift in Sources */,
				4E46C7A722BBF43C0091675E /* NotificationController.swift in Sources */,
				4E46C7A522BBF43C0091675E /* ExtensionDelegate.swift in Sources */,
				4E46C7A322BBF43C0091675E /* InterfaceController.swift in Sources */,
				4EE3CE7622BC04A700B93F0E /* VistaMasa.swift in Sources */,
				4EE3CE7822BC07BD00B93F0E /* VistaQueso.swift in Sources */,
			);
			runOnlyForDeploymentPostprocessing = 0;
		};
/* End PBXSourcesBuildPhase section */

/* Begin PBXTargetDependency section */
		4E46C77C22BBF43A0091675E /* PBXTargetDependency */ = {
			isa = PBXTargetDependency;
			target = 4E46C76522BBF4370091675E /* PizzasWatch */;
			targetProxy = 4E46C77B22BBF43A0091675E /* PBXContainerItemProxy */;
		};
		4E46C78722BBF43A0091675E /* PBXTargetDependency */ = {
			isa = PBXTargetDependency;
			target = 4E46C76522BBF4370091675E /* PizzasWatch */;
			targetProxy = 4E46C78622BBF43A0091675E /* PBXContainerItemProxy */;
		};
		4E46C79122BBF43A0091675E /* PBXTargetDependency */ = {
			isa = PBXTargetDependency;
			target = 4E46C78D22BBF43A0091675E /* PizzasWatch WatchKit App */;
			targetProxy = 4E46C79022BBF43A0091675E /* PBXContainerItemProxy */;
		};
		4E46C7A022BBF43C0091675E /* PBXTargetDependency */ = {
			isa = PBXTargetDependency;
			target = 4E46C79C22BBF43C0091675E /* PizzasWatch WatchKit Extension */;
			targetProxy = 4E46C79F22BBF43C0091675E /* PBXContainerItemProxy */;
		};
/* End PBXTargetDependency section */

/* Begin PBXVariantGroup section */
		4E46C76D22BBF4370091675E /* Main.storyboard */ = {
			isa = PBXVariantGroup;
			children = (
				4E46C76E22BBF4370091675E /* Base */,
			);
			name = Main.storyboard;
			sourceTree = "<group>";
		};
		4E46C77222BBF43A0091675E /* LaunchScreen.storyboard */ = {
			isa = PBXVariantGroup;
			children = (
				4E46C77322BBF43A0091675E /* Base */,
			);
			name = LaunchScreen.storyboard;
			sourceTree = "<group>";
		};
		4E46C79322BBF43B0091675E /* Interface.storyboard */ = {
			isa = PBXVariantGroup;
			children = (
				4E46C79422BBF43B0091675E /* Base */,
			);
			name = Interface.storyboard;
			sourceTree = "<group>";
		};
/* End PBXVariantGroup section */

/* Begin XCBuildConfiguration section */
		4E46C7AC22BBF43D0091675E /* Debug */ = {
			isa = XCBuildConfiguration;
			buildSettings = {
				ALWAYS_SEARCH_USER_PATHS = NO;
				CLANG_ANALYZER_NONNULL = YES;
				CLANG_ANALYZER_NUMBER_OBJECT_CONVERSION = YES_AGGRESSIVE;
				CLANG_CXX_LANGUAGE_STANDARD = "gnu++14";
				CLANG_CXX_LIBRARY = "libc++";
				CLANG_ENABLE_MODULES = YES;
				CLANG_ENABLE_OBJC_ARC = YES;
				CLANG_ENABLE_OBJC_WEAK = YES;
				CLANG_WARN_BLOCK_CAPTURE_AUTORELEASING = YES;
				CLANG_WARN_BOOL_CONVERSION = YES;
				CLANG_WARN_COMMA = YES;
				CLANG_WARN_CONSTANT_CONVERSION = YES;
				CLANG_WARN_DEPRECATED_OBJC_IMPLEMENTATIONS = YES;
				CLANG_WARN_DIRECT_OBJC_ISA_USAGE = YES_ERROR;
				CLANG_WARN_DOCUMENTATION_COMMENTS = YES;
				CLANG_WARN_EMPTY_BODY = YES;
				CLANG_WARN_ENUM_CONVERSION = YES;
				CLANG_WARN_INFINITE_RECURSION = YES;
				CLANG_WARN_INT_CONVERSION = YES;
				CLANG_WARN_NON_LITERAL_NULL_CONVERSION = YES;
				CLANG_WARN_OBJC_IMPLICIT_RETAIN_SELF = YES;
				CLANG_WARN_OBJC_LITERAL_CONVERSION = YES;
				CLANG_WARN_OBJC_ROOT_CLASS = YES_ERROR;
				CLANG_WARN_RANGE_LOOP_ANALYSIS = YES;
				CLANG_WARN_STRICT_PROTOTYPES = YES;
				CLANG_WARN_SUSPICIOUS_MOVE = YES;
				CLANG_WARN_UNGUARDED_AVAILABILITY = YES_AGGRESSIVE;
				CLANG_WARN_UNREACHABLE_CODE = YES;
				CLANG_WARN__DUPLICATE_METHOD_MATCH = YES;
				CODE_SIGN_IDENTITY = "iPhone Developer";
				COPY_PHASE_STRIP = NO;
				DEBUG_INFORMATION_FORMAT = dwarf;
				ENABLE_STRICT_OBJC_MSGSEND = YES;
				ENABLE_TESTABILITY = YES;
				GCC_C_LANGUAGE_STANDARD = gnu11;
				GCC_DYNAMIC_NO_PIC = NO;
				GCC_NO_COMMON_BLOCKS = YES;
				GCC_OPTIMIZATION_LEVEL = 0;
				GCC_PREPROCESSOR_DEFINITIONS = (
					"DEBUG=1",
					"$(inherited)",
				);
				GCC_WARN_64_TO_32_BIT_CONVERSION = YES;
				GCC_WARN_ABOUT_RETURN_TYPE = YES_ERROR;
				GCC_WARN_UNDECLARED_SELECTOR = YES;
				GCC_WARN_UNINITIALIZED_AUTOS = YES_AGGRESSIVE;
				GCC_WARN_UNUSED_FUNCTION = YES;
				GCC_WARN_UNUSED_VARIABLE = YES;
				IPHONEOS_DEPLOYMENT_TARGET = 12.2;
				MTL_ENABLE_DEBUG_INFO = INCLUDE_SOURCE;
				MTL_FAST_MATH = YES;
				ONLY_ACTIVE_ARCH = YES;
				SDKROOT = iphoneos;
				SWIFT_ACTIVE_COMPILATION_CONDITIONS = DEBUG;
				SWIFT_OPTIMIZATION_LEVEL = "-Onone";
			};
			name = Debug;
		};
		4E46C7AD22BBF43D0091675E /* Release */ = {
			isa = XCBuildConfiguration;
			buildSettings = {
				ALWAYS_SEARCH_USER_PATHS = NO;
				CLANG_ANALYZER_NONNULL = YES;
				CLANG_ANALYZER_NUMBER_OBJECT_CONVERSION = YES_AGGRESSIVE;
				CLANG_CXX_LANGUAGE_STANDARD = "gnu++14";
				CLANG_CXX_LIBRARY = "libc++";
				CLANG_ENABLE_MODULES = YES;
				CLANG_ENABLE_OBJC_ARC = YES;
				CLANG_ENABLE_OBJC_WEAK = YES;
				CLANG_WARN_BLOCK_CAPTURE_AUTORELEASING = YES;
				CLANG_WARN_BOOL_CONVERSION = YES;
				CLANG_WARN_COMMA = YES;
				CLANG_WARN_CONSTANT_CONVERSION = YES;
				CLANG_WARN_DEPRECATED_OBJC_IMPLEMENTATIONS = YES;
				CLANG_WARN_DIRECT_OBJC_ISA_USAGE = YES_ERROR;
				CLANG_WARN_DOCUMENTATION_COMMENTS = YES;
				CLANG_WARN_EMPTY_BODY = YES;
				CLANG_WARN_ENUM_CONVERSION = YES;
				CLANG_WARN_INFINITE_RECURSION = YES;
				CLANG_WARN_INT_CONVERSION = YES;
				CLANG_WARN_NON_LITERAL_NULL_CONVERSION = YES;
				CLANG_WARN_OBJC_IMPLICIT_RETAIN_SELF = YES;
				CLANG_WARN_OBJC_LITERAL_CONVERSION = YES;
				CLANG_WARN_OBJC_ROOT_CLASS = YES_ERROR;
				CLANG_WARN_RANGE_LOOP_ANALYSIS = YES;
				CLANG_WARN_STRICT_PROTOTYPES = YES;
				CLANG_WARN_SUSPICIOUS_MOVE = YES;
				CLANG_WARN_UNGUARDED_AVAILABILITY = YES_AGGRESSIVE;
				CLANG_WARN_UNREACHABLE_CODE = YES;
				CLANG_WARN__DUPLICATE_METHOD_MATCH = YES;
				CODE_SIGN_IDENTITY = "iPhone Developer";
				COPY_PHASE_STRIP = NO;
				DEBUG_INFORMATION_FORMAT = "dwarf-with-dsym";
				ENABLE_NS_ASSERTIONS = NO;
				ENABLE_STRICT_OBJC_MSGSEND = YES;
				GCC_C_LANGUAGE_STANDARD = gnu11;
				GCC_NO_COMMON_BLOCKS = YES;
				GCC_WARN_64_TO_32_BIT_CONVERSION = YES;
				GCC_WARN_ABOUT_RETURN_TYPE = YES_ERROR;
				GCC_WARN_UNDECLARED_SELECTOR = YES;
				GCC_WARN_UNINITIALIZED_AUTOS = YES_AGGRESSIVE;
				GCC_WARN_UNUSED_FUNCTION = YES;
				GCC_WARN_UNUSED_VARIABLE = YES;
				IPHONEOS_DEPLOYMENT_TARGET = 12.2;
				MTL_ENABLE_DEBUG_INFO = NO;
				MTL_FAST_MATH = YES;
				SDKROOT = iphoneos;
				SWIFT_COMPILATION_MODE = wholemodule;
				SWIFT_OPTIMIZATION_LEVEL = "-O";
				VALIDATE_PRODUCT = YES;
			};
			name = Release;
		};
		4E46C7AF22BBF43D0091675E /* Debug */ = {
			isa = XCBuildConfiguration;
			buildSettings = {
				ASSETCATALOG_COMPILER_COMPLICATION_NAME = Complication;
				CODE_SIGN_STYLE = Automatic;
				DEVELOPMENT_TEAM = 53SFW7C6GN;
				INFOPLIST_FILE = "PizzasWatch WatchKit Extension/Info.plist";
				LD_RUNPATH_SEARCH_PATHS = (
					"$(inherited)",
					"@executable_path/Frameworks",
					"@executable_path/../../Frameworks",
				);
				PRODUCT_BUNDLE_IDENTIFIER = "-.PizzasWatch.watchkitapp.watchkitextension";
				PRODUCT_NAME = "${TARGET_NAME}";
				SDKROOT = watchos;
				SKIP_INSTALL = YES;
				SWIFT_VERSION = 5.0;
				TARGETED_DEVICE_FAMILY = 4;
				WATCHOS_DEPLOYMENT_TARGET = 5.2;
			};
			name = Debug;
		};
		4E46C7B022BBF43D0091675E /* Release */ = {
			isa = XCBuildConfiguration;
			buildSettings = {
				ASSETCATALOG_COMPILER_COMPLICATION_NAME = Complication;
				CODE_SIGN_STYLE = Automatic;
				DEVELOPMENT_TEAM = 53SFW7C6GN;
				INFOPLIST_FILE = "PizzasWatch WatchKit Extension/Info.plist";
				LD_RUNPATH_SEARCH_PATHS = (
					"$(inherited)",
					"@executable_path/Frameworks",
					"@executable_path/../../Frameworks",
				);
				PRODUCT_BUNDLE_IDENTIFIER = "-.PizzasWatch.watchkitapp.watchkitextension";
				PRODUCT_NAME = "${TARGET_NAME}";
				SDKROOT = watchos;
				SKIP_INSTALL = YES;
				SWIFT_VERSION = 5.0;
				TARGETED_DEVICE_FAMILY = 4;
				WATCHOS_DEPLOYMENT_TARGET = 5.2;
			};
			name = Release;
		};
		4E46C7B322BBF43D0091675E /* Debug */ = {
			isa = XCBuildConfiguration;
			buildSettings = {
				ALWAYS_EMBED_SWIFT_STANDARD_LIBRARIES = YES;
				ASSETCATALOG_COMPILER_APPICON_NAME = AppIcon;
				CODE_SIGN_STYLE = Automatic;
				DEVELOPMENT_TEAM = 53SFW7C6GN;
				IBSC_MODULE = PizzasWatch_WatchKit_Extension;
				INFOPLIST_FILE = "PizzasWatch WatchKit App/Info.plist";
				PRODUCT_BUNDLE_IDENTIFIER = "-.PizzasWatch.watchkitapp";
				PRODUCT_NAME = "$(TARGET_NAME)";
				SDKROOT = watchos;
				SKIP_INSTALL = YES;
				SWIFT_VERSION = 5.0;
				TARGETED_DEVICE_FAMILY = 4;
				WATCHOS_DEPLOYMENT_TARGET = 5.2;
			};
			name = Debug;
		};
		4E46C7B422BBF43D0091675E /* Release */ = {
			isa = XCBuildConfiguration;
			buildSettings = {
				ALWAYS_EMBED_SWIFT_STANDARD_LIBRARIES = YES;
				ASSETCATALOG_COMPILER_APPICON_NAME = AppIcon;
				CODE_SIGN_STYLE = Automatic;
				DEVELOPMENT_TEAM = 53SFW7C6GN;
				IBSC_MODULE = PizzasWatch_WatchKit_Extension;
				INFOPLIST_FILE = "PizzasWatch WatchKit App/Info.plist";
				PRODUCT_BUNDLE_IDENTIFIER = "-.PizzasWatch.watchkitapp";
				PRODUCT_NAME = "$(TARGET_NAME)";
				SDKROOT = watchos;
				SKIP_INSTALL = YES;
				SWIFT_VERSION = 5.0;
				TARGETED_DEVICE_FAMILY = 4;
				WATCHOS_DEPLOYMENT_TARGET = 5.2;
			};
			name = Release;
		};
		4E46C7B722BBF43D0091675E /* Debug */ = {
			isa = XCBuildConfiguration;
			buildSettings = {
				ASSETCATALOG_COMPILER_APPICON_NAME = AppIcon;
				CODE_SIGN_STYLE = Automatic;
				DEVELOPMENT_TEAM = 53SFW7C6GN;
				INFOPLIST_FILE = PizzasWatch/Info.plist;
				LD_RUNPATH_SEARCH_PATHS = (
					"$(inherited)",
					"@executable_path/Frameworks",
				);
				PRODUCT_BUNDLE_IDENTIFIER = "-.PizzasWatch";
				PRODUCT_NAME = "$(TARGET_NAME)";
				SWIFT_VERSION = 5.0;
				TARGETED_DEVICE_FAMILY = "1,2";
			};
			name = Debug;
		};
		4E46C7B822BBF43D0091675E /* Release */ = {
			isa = XCBuildConfiguration;
			buildSettings = {
				ASSETCATALOG_COMPILER_APPICON_NAME = AppIcon;
				CODE_SIGN_STYLE = Automatic;
				DEVELOPMENT_TEAM = 53SFW7C6GN;
				INFOPLIST_FILE = PizzasWatch/Info.plist;
				LD_RUNPATH_SEARCH_PATHS = (
					"$(inherited)",
					"@executable_path/Frameworks",
				);
				PRODUCT_BUNDLE_IDENTIFIER = "-.PizzasWatch";
				PRODUCT_NAME = "$(TARGET_NAME)";
				SWIFT_VERSION = 5.0;
				TARGETED_DEVICE_FAMILY = "1,2";
			};
			name = Release;
		};
		4E46C7BA22BBF43D0091675E /* Debug */ = {
			isa = XCBuildConfiguration;
			buildSettings = {
				ALWAYS_EMBED_SWIFT_STANDARD_LIBRARIES = YES;
				BUNDLE_LOADER = "$(TEST_HOST)";
				CODE_SIGN_STYLE = Automatic;
				DEVELOPMENT_TEAM = 53SFW7C6GN;
				INFOPLIST_FILE = PizzasWatchTests/Info.plist;
				LD_RUNPATH_SEARCH_PATHS = (
					"$(inherited)",
					"@executable_path/Frameworks",
					"@loader_path/Frameworks",
				);
				PRODUCT_BUNDLE_IDENTIFIER = "-.PizzasWatchTests";
				PRODUCT_NAME = "$(TARGET_NAME)";
				SWIFT_VERSION = 5.0;
				TARGETED_DEVICE_FAMILY = "1,2";
				TEST_HOST = "$(BUILT_PRODUCTS_DIR)/PizzasWatch.app/PizzasWatch";
			};
			name = Debug;
		};
		4E46C7BB22BBF43D0091675E /* Release */ = {
			isa = XCBuildConfiguration;
			buildSettings = {
				ALWAYS_EMBED_SWIFT_STANDARD_LIBRARIES = YES;
				BUNDLE_LOADER = "$(TEST_HOST)";
				CODE_SIGN_STYLE = Automatic;
				DEVELOPMENT_TEAM = 53SFW7C6GN;
				INFOPLIST_FILE = PizzasWatchTests/Info.plist;
				LD_RUNPATH_SEARCH_PATHS = (
					"$(inherited)",
					"@executable_path/Frameworks",
					"@loader_path/Frameworks",
				);
				PRODUCT_BUNDLE_IDENTIFIER = "-.PizzasWatchTests";
				PRODUCT_NAME = "$(TARGET_NAME)";
				SWIFT_VERSION = 5.0;
				TARGETED_DEVICE_FAMILY = "1,2";
				TEST_HOST = "$(BUILT_PRODUCTS_DIR)/PizzasWatch.app/PizzasWatch";
			};
			name = Release;
		};
		4E46C7BD22BBF43D0091675E /* Debug */ = {
			isa = XCBuildConfiguration;
			buildSettings = {
				ALWAYS_EMBED_SWIFT_STANDARD_LIBRARIES = YES;
				CODE_SIGN_STYLE = Automatic;
				DEVELOPMENT_TEAM = 53SFW7C6GN;
				INFOPLIST_FILE = PizzasWatchUITests/Info.plist;
				LD_RUNPATH_SEARCH_PATHS = (
					"$(inherited)",
					"@executable_path/Frameworks",
					"@loader_path/Frameworks",
				);
				PRODUCT_BUNDLE_IDENTIFIER = "-.PizzasWatchUITests";
				PRODUCT_NAME = "$(TARGET_NAME)";
				SWIFT_VERSION = 5.0;
				TARGETED_DEVICE_FAMILY = "1,2";
				TEST_TARGET_NAME = PizzasWatch;
			};
			name = Debug;
		};
		4E46C7BE22BBF43D0091675E /* Release */ = {
			isa = XCBuildConfiguration;
			buildSettings = {
				ALWAYS_EMBED_SWIFT_STANDARD_LIBRARIES = YES;
				CODE_SIGN_STYLE = Automatic;
				DEVELOPMENT_TEAM = 53SFW7C6GN;
				INFOPLIST_FILE = PizzasWatchUITests/Info.plist;
				LD_RUNPATH_SEARCH_PATHS = (
					"$(inherited)",
					"@executable_path/Frameworks",
					"@loader_path/Frameworks",
				);
				PRODUCT_BUNDLE_IDENTIFIER = "-.PizzasWatchUITests";
				PRODUCT_NAME = "$(TARGET_NAME)";
				SWIFT_VERSION = 5.0;
				TARGETED_DEVICE_FAMILY = "1,2";
				TEST_TARGET_NAME = PizzasWatch;
			};
			name = Release;
		};
/* End XCBuildConfiguration section */

/* Begin XCConfigurationList section */
		4E46C76122BBF4370091675E /* Build configuration list for PBXProject "PizzasWatch" */ = {
			isa = XCConfigurationList;
			buildConfigurations = (
				4E46C7AC22BBF43D0091675E /* Debug */,
				4E46C7AD22BBF43D0091675E /* Release */,
			);
			defaultConfigurationIsVisible = 0;
			defaultConfigurationName = Release;
		};
		4E46C7AE22BBF43D0091675E /* Build configuration list for PBXNativeTarget "PizzasWatch WatchKit Extension" */ = {
			isa = XCConfigurationList;
			buildConfigurations = (
				4E46C7AF22BBF43D0091675E /* Debug */,
				4E46C7B022BBF43D0091675E /* Release */,
			);
			defaultConfigurationIsVisible = 0;
			defaultConfigurationName = Release;
		};
		4E46C7B222BBF43D0091675E /* Build configuration list for PBXNativeTarget "PizzasWatch WatchKit App" */ = {
			isa = XCConfigurationList;
			buildConfigurations = (
				4E46C7B322BBF43D0091675E /* Debug */,
				4E46C7B422BBF43D0091675E /* Release */,
			);
			defaultConfigurationIsVisible = 0;
			defaultConfigurationName = Release;
		};
		4E46C7B622BBF43D0091675E /* Build configuration list for PBXNativeTarget "PizzasWatch" */ = {
			isa = XCConfigurationList;
			buildConfigurations = (
				4E46C7B722BBF43D0091675E /* Debug */,
				4E46C7B822BBF43D0091675E /* Release */,
			);
			defaultConfigurationIsVisible = 0;
			defaultConfigurationName = Release;
		};
		4E46C7B922BBF43D0091675E /* Build configuration list for PBXNativeTarget "PizzasWatchTests" */ = {
			isa = XCConfigurationList;
			buildConfigurations = (
				4E46C7BA22BBF43D0091675E /* Debug */,
				4E46C7BB22BBF43D0091675E /* Release */,
			);
			defaultConfigurationIsVisible = 0;
			defaultConfigurationName = Release;
		};
		4E46C7BC22BBF43D0091675E /* Build configuration list for PBXNativeTarget "PizzasWatchUITests" */ = {
			isa = XCConfigurationList;
			buildConfigurations = (
				4E46C7BD22BBF43D0091675E /* Debug */,
				4E46C7BE22BBF43D0091675E /* Release */,
			);
			defaultConfigurationIsVisible = 0;
			defaultConfigurationName = Release;
		};
/* End XCConfigurationList section */
	};
	rootObject = 4E46C75E22BBF4370091675E /* Project object */;
}
